
Microsoft Visual Studio Solution File, Format Version 12.00
# Visual Studio 15
VisualStudioVersion = 15.0.28307.421
MinimumVisualStudioVersion = 10.0.40219.1
Project("{FAE04EC0-301F-11D3-BF4B-00C04F79EFBC}") = "11ClassesHW", "11ClassesHW\11ClassesHW.csproj", "{87406E1F-B065-4D1D-B2A8-824EF4648208}"
EndProject
Project("{FAE04EC0-301F-11D3-BF4B-00C04F79EFBC}") = "ex3", "ex3\ex3.csproj", "{A68DAA68-21C7-4C70-9EF0-9480DD6D0EDE}"
EndProject
Project("{FAE04EC0-301F-11D3-BF4B-00C04F79EFBC}") = "ex4", "ex4\ex4.csproj", "{AF420F03-FA4F-425F-AF02-DA1E3B186380}"
EndProject
Global
	GlobalSection(SolutionConfigurationPlatforms) = preSolution
		Debug|Any CPU = Debug|Any CPU
		Release|Any CPU = Release|Any CPU
	EndGlobalSection
	GlobalSection(ProjectConfigurationPlatforms) = postSolution
		{87406E1F-B065-4D1D-B2A8-824EF4648208}.Debug|Any CPU.ActiveCfg = Debug|Any CPU
		{87406E1F-B065-4D1D-B2A8-824EF4648208}.Debug|Any CPU.Build.0 = Debug|Any CPU
		{87406E1F-B065-4D1D-B2A8-824EF4648208}.Release|Any CPU.ActiveCfg = Release|Any CPU
		{87406E1F-B065-4D1D-B2A8-824EF4648208}.Release|Any CPU.Build.0 = Release|Any CPU
		{A68DAA68-21C7-4C70-9EF0-9480DD6D0EDE}.Debug|Any CPU.ActiveCfg = Debug|Any CPU
		{A68DAA68-21C7-4C70-9EF0-9480DD6D0EDE}.Debug|Any CPU.Build.0 = Debug|Any CPU
		{A68DAA68-21C7-4C70-9EF0-9480DD6D0EDE}.Release|Any CPU.ActiveCfg = Release|Any CPU
		{A68DAA68-21C7-4C70-9EF0-9480DD6D0EDE}.Release|Any CPU.Build.0 = Release|Any CPU
		{AF420F03-FA4F-425F-AF02-DA1E3B186380}.Debug|Any CPU.ActiveCfg = Debug|Any CPU
		{AF420F03-FA4F-425F-AF02-DA1E3B186380}.Debug|Any CPU.Build.0 = Debug|Any CPU
		{AF420F03-FA4F-425F-AF02-DA1E3B186380}.Release|Any CPU.ActiveCfg = Release|Any CPU
		{AF420F03-FA4F-425F-AF02-DA1E3B186380}.Release|Any CPU.Build.0 = Release|Any CPU
	EndGlobalSection
	GlobalSection(SolutionProperties) = preSolution
		HideSolutionNode = FALSE
	EndGlobalSection
	GlobalSection(ExtensibilityGlobals) = postSolution
		SolutionGuid = {AC71900D-D8F9-464F-B32A-E7F5B9F91F93}
	EndGlobalSection
EndGlobal
